// !$*UTF8*$!
{
	archiveVersion = 1;
	classes = {
	};
	objectVersion = 56;
	objects = {

/* Begin PBXBuildFile section */
		1DC15ECD2C6FA76800627667 /* Word_ScrambleApp.swift in Sources */ = {isa = PBXBuildFile; fileRef = 1DC15ECC2C6FA76800627667 /* Word_ScrambleApp.swift */; };
		1DC15ECF2C6FA76800627667 /* ContentView.swift in Sources */ = {isa = PBXBuildFile; fileRef = 1DC15ECE2C6FA76800627667 /* ContentView.swift */; };
		1DC15ED12C6FA76900627667 /* Assets.xcassets in Resources */ = {isa = PBXBuildFile; fileRef = 1DC15ED02C6FA76900627667 /* Assets.xcassets */; };
		1DC15ED42C6FA76900627667 /* Preview Assets.xcassets in Resources */ = {isa = PBXBuildFile; fileRef = 1DC15ED32C6FA76900627667 /* Preview Assets.xcassets */; };
		1DC15EDE2C6FA76900627667 /* Word_ScrambleTests.swift in Sources */ = {isa = PBXBuildFile; fileRef = 1DC15EDD2C6FA76900627667 /* Word_ScrambleTests.swift */; };
		1DC15EE82C6FA76900627667 /* Word_ScrambleUITests.swift in Sources */ = {isa = PBXBuildFile; fileRef = 1DC15EE72C6FA76900627667 /* Word_ScrambleUITests.swift */; };
		1DC15EEA2C6FA76900627667 /* Word_ScrambleUITestsLaunchTests.swift in Sources */ = {isa = PBXBuildFile; fileRef = 1DC15EE92C6FA76900627667 /* Word_ScrambleUITestsLaunchTests.swift */; };
/* End PBXBuildFile section */

/* Begin PBXContainerItemProxy section */
		1DC15EDA2C6FA76900627667 /* PBXContainerItemProxy */ = {
			isa = PBXContainerItemProxy;
			containerPortal = 1DC15EC12C6FA76800627667 /* Project object */;
			proxyType = 1;
			remoteGlobalIDString = 1DC15EC82C6FA76800627667;
			remoteInfo = "Word Scramble";
		};
		1DC15EE42C6FA76900627667 /* PBXContainerItemProxy */ = {
			isa = PBXContainerItemProxy;
			containerPortal = 1DC15EC12C6FA76800627667 /* Project object */;
			proxyType = 1;
			remoteGlobalIDString = 1DC15EC82C6FA76800627667;
			remoteInfo = "Word Scramble";
		};
/* End PBXContainerItemProxy section */

/* Begin PBXFileReference section */
		1DC15EC92C6FA76800627667 /* Word Scramble.app */ = {isa = PBXFileReference; explicitFileType = wrapper.application; includeInIndex = 0; path = "Word Scramble.app"; sourceTree = BUILT_PRODUCTS_DIR; };
		1DC15ECC2C6FA76800627667 /* Word_ScrambleApp.swift */ = {isa = PBXFileReference; lastKnownFileType = sourcecode.swift; path = Word_ScrambleApp.swift; sourceTree = "<group>"; };
		1DC15ECE2C6FA76800627667 /* ContentView.swift */ = {isa = PBXFileReference; lastKnownFileType = sourcecode.swift; path = ContentView.swift; sourceTree = "<group>"; };
		1DC15ED02C6FA76900627667 /* Assets.xcassets */ = {isa = PBXFileReference; lastKnownFileType = folder.assetcatalog; path = Assets.xcassets; sourceTree = "<group>"; };
		1DC15ED32C6FA76900627667 /* Preview Assets.xcassets */ = {isa = PBXFileReference; lastKnownFileType = folder.assetcatalog; path = "Preview Assets.xcassets"; sourceTree = "<group>"; };
		1DC15ED92C6FA76900627667 /* Word ScrambleTests.xctest */ = {isa = PBXFileReference; explicitFileType = wrapper.cfbundle; includeInIndex = 0; path = "Word ScrambleTests.xctest"; sourceTree = BUILT_PRODUCTS_DIR; };
		1DC15EDD2C6FA76900627667 /* Word_ScrambleTests.swift */ = {isa = PBXFileReference; lastKnownFileType = sourcecode.swift; path = Word_ScrambleTests.swift; sourceTree = "<group>"; };
		1DC15EE32C6FA76900627667 /* Word ScrambleUITests.xctest */ = {isa = PBXFileReference; explicitFileType = wrapper.cfbundle; includeInIndex = 0; path = "Word ScrambleUITests.xctest"; sourceTree = BUILT_PRODUCTS_DIR; };
		1DC15EE72C6FA76900627667 /* Word_ScrambleUITests.swift */ = {isa = PBXFileReference; lastKnownFileType = sourcecode.swift; path = Word_ScrambleUITests.swift; sourceTree = "<group>"; };
		1DC15EE92C6FA76900627667 /* Word_ScrambleUITestsLaunchTests.swift */ = {isa = PBXFileReference; lastKnownFileType = sourcecode.swift; path = Word_ScrambleUITestsLaunchTests.swift; sourceTree = "<group>"; };
/* End PBXFileReference section */

/* Begin PBXFrameworksBuildPhase section */
		1DC15EC62C6FA76800627667 /* Frameworks */ = {
			isa = PBXFrameworksBuildPhase;
			buildActionMask = 2147483647;
			files = (
			);
			runOnlyForDeploymentPostprocessing = 0;
		};
		1DC15ED62C6FA76900627667 /* Frameworks */ = {
			isa = PBXFrameworksBuildPhase;
			buildActionMask = 2147483647;
			files = (
			);
			runOnlyForDeploymentPostprocessing = 0;
		};
		1DC15EE02C6FA76900627667 /* Frameworks */ = {
			isa = PBXFrameworksBuildPhase;
			buildActionMask = 2147483647;
			files = (
			);
			runOnlyForDeploymentPostprocessing = 0;
		};
/* End PBXFrameworksBuildPhase section */

/* Begin PBXGroup section */
		1DC15EC02C6FA76800627667 = {
			isa = PBXGroup;
			children = (
				1DC15ECB2C6FA76800627667 /* Word Scramble */,
				1DC15EDC2C6FA76900627667 /* Word ScrambleTests */,
				1DC15EE62C6FA76900627667 /* Word ScrambleUITests */,
				1DC15ECA2C6FA76800627667 /* Products */,
			);
			sourceTree = "<group>";
		};
		1DC15ECA2C6FA76800627667 /* Products */ = {
			isa = PBXGroup;
			children = (
				1DC15EC92C6FA76800627667 /* Word Scramble.app */,
				1DC15ED92C6FA76900627667 /* Word ScrambleTests.xctest */,
				1DC15EE32C6FA76900627667 /* Word ScrambleUITests.xctest */,
			);
			name = Products;
			sourceTree = "<group>";
		};
		1DC15ECB2C6FA76800627667 /* Word Scramble */ = {
			isa = PBXGroup;
			children = (
				1DC15ECC2C6FA76800627667 /* Word_ScrambleApp.swift */,
				1DC15ECE2C6FA76800627667 /* ContentView.swift */,
				1DC15ED02C6FA76900627667 /* Assets.xcassets */,
				1DC15ED22C6FA76900627667 /* Preview Content */,
			);
			path = "Word Scramble";
			sourceTree = "<group>";
		};
		1DC15ED22C6FA76900627667 /* Preview Content */ = {
			isa = PBXGroup;
			children = (
				1DC15ED32C6FA76900627667 /* Preview Assets.xcassets */,
			);
			path = "Preview Content";
			sourceTree = "<group>";
		};
		1DC15EDC2C6FA76900627667 /* Word ScrambleTests */ = {
			isa = PBXGroup;
			children = (
				1DC15EDD2C6FA76900627667 /* Word_ScrambleTests.swift */,
			);
			path = "Word ScrambleTests";
			sourceTree = "<group>";
		};
		1DC15EE62C6FA76900627667 /* Word ScrambleUITests */ = {
			isa = PBXGroup;
			children = (
				1DC15EE72C6FA76900627667 /* Word_ScrambleUITests.swift */,
				1DC15EE92C6FA76900627667 /* Word_ScrambleUITestsLaunchTests.swift */,
			);
			path = "Word ScrambleUITests";
			sourceTree = "<group>";
		};
/* End PBXGroup section */

/* Begin PBXNativeTarget section */
		1DC15EC82C6FA76800627667 /* Word Scramble */ = {
			isa = PBXNativeTarget;
			buildConfigurationList = 1DC15EED2C6FA76900627667 /* Build configuration list for PBXNativeTarget "Word Scramble" */;
			buildPhases = (
				1DC15EC52C6FA76800627667 /* Sources */,
				1DC15EC62C6FA76800627667 /* Frameworks */,
				1DC15EC72C6FA76800627667 /* Resources */,
			);
			buildRules = (
			);
			dependencies = (
			);
			name = "Word Scramble";
			productName = "Word Scramble";
			productReference = 1DC15EC92C6FA76800627667 /* Word Scramble.app */;
			productType = "com.apple.product-type.application";
		};
		1DC15ED82C6FA76900627667 /* Word ScrambleTests */ = {
			isa = PBXNativeTarget;
			buildConfigurationList = 1DC15EF02C6FA76900627667 /* Build configuration list for PBXNativeTarget "Word ScrambleTests" */;
			buildPhases = (
				1DC15ED52C6FA76900627667 /* Sources */,
				1DC15ED62C6FA76900627667 /* Frameworks */,
				1DC15ED72C6FA76900627667 /* Resources */,
			);
			buildRules = (
			);
			dependencies = (
				1DC15EDB2C6FA76900627667 /* PBXTargetDependency */,
			);
			name = "Word ScrambleTests";
			productName = "Word ScrambleTests";
			productReference = 1DC15ED92C6FA76900627667 /* Word ScrambleTests.xctest */;
			productType = "com.apple.product-type.bundle.unit-test";
		};
		1DC15EE22C6FA76900627667 /* Word ScrambleUITests */ = {
			isa = PBXNativeTarget;
			buildConfigurationList = 1DC15EF32C6FA76900627667 /* Build configuration list for PBXNativeTarget "Word ScrambleUITests" */;
			buildPhases = (
				1DC15EDF2C6FA76900627667 /* Sources */,
				1DC15EE02C6FA76900627667 /* Frameworks */,
				1DC15EE12C6FA76900627667 /* Resources */,
			);
			buildRules = (
			);
			dependencies = (
				1DC15EE52C6FA76900627667 /* PBXTargetDependency */,
			);
			name = "Word ScrambleUITests";
			productName = "Word ScrambleUITests";
			productReference = 1DC15EE32C6FA76900627667 /* Word ScrambleUITests.xctest */;
			productType = "com.apple.product-type.bundle.ui-testing";
		};
/* End PBXNativeTarget section */

/* Begin PBXProject section */
		1DC15EC12C6FA76800627667 /* Project object */ = {
			isa = PBXProject;
			attributes = {
				BuildIndependentTargetsInParallel = 1;
				LastSwiftUpdateCheck = 1500;
				LastUpgradeCheck = 1500;
				TargetAttributes = {
					1DC15EC82C6FA76800627667 = {
						CreatedOnToolsVersion = 15.0;
					};
					1DC15ED82C6FA76900627667 = {
						CreatedOnToolsVersion = 15.0;
						TestTargetID = 1DC15EC82C6FA76800627667;
					};
					1DC15EE22C6FA76900627667 = {
						CreatedOnToolsVersion = 15.0;
						TestTargetID = 1DC15EC82C6FA76800627667;
					};
				};
			};
			buildConfigurationList = 1DC15EC42C6FA76800627667 /* Build configuration list for PBXProject "Word Scramble" */;
			compatibilityVersion = "Xcode 14.0";
			developmentRegion = en;
			hasScannedForEncodings = 0;
			knownRegions = (
				en,
				Base,
			);
			mainGroup = 1DC15EC02C6FA76800627667;
			productRefGroup = 1DC15ECA2C6FA76800627667 /* Products */;
			projectDirPath = "";
			projectRoot = "";
			targets = (
				1DC15EC82C6FA76800627667 /* Word Scramble */,
				1DC15ED82C6FA76900627667 /* Word ScrambleTests */,
				1DC15EE22C6FA76900627667 /* Word ScrambleUITests */,
			);
		};
/* End PBXProject section */

/* Begin PBXResourcesBuildPhase section */
		1DC15EC72C6FA76800627667 /* Resources */ = {
			isa = PBXResourcesBuildPhase;
			buildActionMask = 2147483647;
			files = (
				1DC15ED42C6FA76900627667 /* Preview Assets.xcassets in Resources */,
				1DC15ED12C6FA76900627667 /* Assets.xcassets in Resources */,
			);
			runOnlyForDeploymentPostprocessing = 0;
		};
		1DC15ED72C6FA76900627667 /* Resources */ = {
			isa = PBXResourcesBuildPhase;
			buildActionMask = 2147483647;
			files = (
			);
			runOnlyForDeploymentPostprocessing = 0;
		};
		1DC15EE12C6FA76900627667 /* Resources */ = {
			isa = PBXResourcesBuildPhase;
			buildActionMask = 2147483647;
			files = (
			);
			runOnlyForDeploymentPostprocessing = 0;
		};
/* End PBXResourcesBuildPhase section */

/* Begin PBXSourcesBuildPhase section */
		1DC15EC52C6FA76800627667 /* Sources */ = {
			isa = PBXSourcesBuildPhase;
			buildActionMask = 2147483647;
			files = (
				1DC15ECF2C6FA76800627667 /* ContentView.swift in Sources */,
				1DC15ECD2C6FA76800627667 /* Word_ScrambleApp.swift in Sources */,
			);
			runOnlyForDeploymentPostprocessing = 0;
		};
		1DC15ED52C6FA76900627667 /* Sources */ = {
			isa = PBXSourcesBuildPhase;
			buildActionMask = 2147483647;
			files = (
				1DC15EDE2C6FA76900627667 /* Word_ScrambleTests.swift in Sources */,
			);
			runOnlyForDeploymentPostprocessing = 0;
		};
		1DC15EDF2C6FA76900627667 /* Sources */ = {
			isa = PBXSourcesBuildPhase;
			buildActionMask = 2147483647;
			files = (
				1DC15EE82C6FA76900627667 /* Word_ScrambleUITests.swift in Sources */,
				1DC15EEA2C6FA76900627667 /* Word_ScrambleUITestsLaunchTests.swift in Sources */,
			);
			runOnlyForDeploymentPostprocessing = 0;
		};
/* End PBXSourcesBuildPhase section */

/* Begin PBXTargetDependency section */
		1DC15EDB2C6FA76900627667 /* PBXTargetDependency */ = {
			isa = PBXTargetDependency;
			target = 1DC15EC82C6FA76800627667 /* Word Scramble */;
			targetProxy = 1DC15EDA2C6FA76900627667 /* PBXContainerItemProxy */;
		};
		1DC15EE52C6FA76900627667 /* PBXTargetDependency */ = {
			isa = PBXTargetDependency;
			target = 1DC15EC82C6FA76800627667 /* Word Scramble */;
			targetProxy = 1DC15EE42C6FA76900627667 /* PBXContainerItemProxy */;
		};
/* End PBXTargetDependency section */

/* Begin XCBuildConfiguration section */
		1DC15EEB2C6FA76900627667 /* Debug */ = {
			isa = XCBuildConfiguration;
			buildSettings = {
				ALWAYS_SEARCH_USER_PATHS = NO;
				ASSETCATALOG_COMPILER_GENERATE_SWIFT_ASSET_SYMBOL_EXTENSIONS = YES;
				CLANG_ANALYZER_NONNULL = YES;
				CLANG_ANALYZER_NUMBER_OBJECT_CONVERSION = YES_AGGRESSIVE;
				CLANG_CXX_LANGUAGE_STANDARD = "gnu++20";
				CLANG_ENABLE_MODULES = YES;
				CLANG_ENABLE_OBJC_ARC = YES;
				CLANG_ENABLE_OBJC_WEAK = YES;
				CLANG_WARN_BLOCK_CAPTURE_AUTORELEASING = YES;
				CLANG_WARN_BOOL_CONVERSION = YES;
				CLANG_WARN_COMMA = YES;
				CLANG_WARN_CONSTANT_CONVERSION = YES;
				CLANG_WARN_DEPRECATED_OBJC_IMPLEMENTATIONS = YES;
				CLANG_WARN_DIRECT_OBJC_ISA_USAGE = YES_ERROR;
				CLANG_WARN_DOCUMENTATION_COMMENTS = YES;
				CLANG_WARN_EMPTY_BODY = YES;
				CLANG_WARN_ENUM_CONVERSION = YES;
				CLANG_WARN_INFINITE_RECURSION = YES;
				CLANG_WARN_INT_CONVERSION = YES;
				CLANG_WARN_NON_LITERAL_NULL_CONVERSION = YES;
				CLANG_WARN_OBJC_IMPLICIT_RETAIN_SELF = YES;
				CLANG_WARN_OBJC_LITERAL_CONVERSION = YES;
				CLANG_WARN_OBJC_ROOT_CLASS = YES_ERROR;
				CLANG_WARN_QUOTED_INCLUDE_IN_FRAMEWORK_HEADER = YES;
				CLANG_WARN_RANGE_LOOP_ANALYSIS = YES;
				CLANG_WARN_STRICT_PROTOTYPES = YES;
				CLANG_WARN_SUSPICIOUS_MOVE = YES;
				CLANG_WARN_UNGUARDED_AVAILABILITY = YES_AGGRESSIVE;
				CLANG_WARN_UNREACHABLE_CODE = YES;
				CLANG_WARN__DUPLICATE_METHOD_MATCH = YES;
				COPY_PHASE_STRIP = NO;
				DEBUG_INFORMATION_FORMAT = dwarf;
				ENABLE_STRICT_OBJC_MSGSEND = YES;
				ENABLE_TESTABILITY = YES;
				ENABLE_USER_SCRIPT_SANDBOXING = YES;
				GCC_C_LANGUAGE_STANDARD = gnu17;
				GCC_DYNAMIC_NO_PIC = NO;
				GCC_NO_COMMON_BLOCKS = YES;
				GCC_OPTIMIZATION_LEVEL = 0;
				GCC_PREPROCESSOR_DEFINITIONS = (
					"DEBUG=1",
					"$(inherited)",
				);
				GCC_WARN_64_TO_32_BIT_CONVERSION = YES;
				GCC_WARN_ABOUT_RETURN_TYPE = YES_ERROR;
				GCC_WARN_UNDECLARED_SELECTOR = YES;
				GCC_WARN_UNINITIALIZED_AUTOS = YES_AGGRESSIVE;
				GCC_WARN_UNUSED_FUNCTION = YES;
				GCC_WARN_UNUSED_VARIABLE = YES;
				IPHONEOS_DEPLOYMENT_TARGET = 17.0;
				LOCALIZATION_PREFERS_STRING_CATALOGS = YES;
				MTL_ENABLE_DEBUG_INFO = INCLUDE_SOURCE;
				MTL_FAST_MATH = YES;
				ONLY_ACTIVE_ARCH = YES;
				SDKROOT = iphoneos;
				SWIFT_ACTIVE_COMPILATION_CONDITIONS = "DEBUG $(inherited)";
				SWIFT_OPTIMIZATION_LEVEL = "-Onone";
			};
			name = Debug;
		};
		1DC15EEC2C6FA76900627667 /* Release */ = {
			isa = XCBuildConfiguration;
			buildSettings = {
				ALWAYS_SEARCH_USER_PATHS = NO;
				ASSETCATALOG_COMPILER_GENERATE_SWIFT_ASSET_SYMBOL_EXTENSIONS = YES;
				CLANG_ANALYZER_NONNULL = YES;
				CLANG_ANALYZER_NUMBER_OBJECT_CONVERSION = YES_AGGRESSIVE;
				CLANG_CXX_LANGUAGE_STANDARD = "gnu++20";
				CLANG_ENABLE_MODULES = YES;
				CLANG_ENABLE_OBJC_ARC = YES;
				CLANG_ENABLE_OBJC_WEAK = YES;
				CLANG_WARN_BLOCK_CAPTURE_AUTORELEASING = YES;
				CLANG_WARN_BOOL_CONVERSION = YES;
				CLANG_WARN_COMMA = YES;
				CLANG_WARN_CONSTANT_CONVERSION = YES;
				CLANG_WARN_DEPRECATED_OBJC_IMPLEMENTATIONS = YES;
				CLANG_WARN_DIRECT_OBJC_ISA_USAGE = YES_ERROR;
				CLANG_WARN_DOCUMENTATION_COMMENTS = YES;
				CLANG_WARN_EMPTY_BODY = YES;
				CLANG_WARN_ENUM_CONVERSION = YES;
				CLANG_WARN_INFINITE_RECURSION = YES;
				CLANG_WARN_INT_CONVERSION = YES;
				CLANG_WARN_NON_LITERAL_NULL_CONVERSION = YES;
				CLANG_WARN_OBJC_IMPLICIT_RETAIN_SELF = YES;
				CLANG_WARN_OBJC_LITERAL_CONVERSION = YES;
				CLANG_WARN_OBJC_ROOT_CLASS = YES_ERROR;
				CLANG_WARN_QUOTED_INCLUDE_IN_FRAMEWORK_HEADER = YES;
				CLANG_WARN_RANGE_LOOP_ANALYSIS = YES;
				CLANG_WARN_STRICT_PROTOTYPES = YES;
				CLANG_WARN_SUSPICIOUS_MOVE = YES;
				CLANG_WARN_UNGUARDED_AVAILABILITY = YES_AGGRESSIVE;
				CLANG_WARN_UNREACHABLE_CODE = YES;
				CLANG_WARN__DUPLICATE_METHOD_MATCH = YES;
				COPY_PHASE_STRIP = NO;
				DEBUG_INFORMATION_FORMAT = "dwarf-with-dsym";
				ENABLE_NS_ASSERTIONS = NO;
				ENABLE_STRICT_OBJC_MSGSEND = YES;
				ENABLE_USER_SCRIPT_SANDBOXING = YES;
				GCC_C_LANGUAGE_STANDARD = gnu17;
				GCC_NO_COMMON_BLOCKS = YES;
				GCC_WARN_64_TO_32_BIT_CONVERSION = YES;
				GCC_WARN_ABOUT_RETURN_TYPE = YES_ERROR;
				GCC_WARN_UNDECLARED_SELECTOR = YES;
				GCC_WARN_UNINITIALIZED_AUTOS = YES_AGGRESSIVE;
				GCC_WARN_UNUSED_FUNCTION = YES;
				GCC_WARN_UNUSED_VARIABLE = YES;
				IPHONEOS_DEPLOYMENT_TARGET = 17.0;
				LOCALIZATION_PREFERS_STRING_CATALOGS = YES;
				MTL_ENABLE_DEBUG_INFO = NO;
				MTL_FAST_MATH = YES;
				SDKROOT = iphoneos;
				SWIFT_COMPILATION_MODE = wholemodule;
				VALIDATE_PRODUCT = YES;
			};
			name = Release;
		};
		1DC15EEE2C6FA76900627667 /* Debug */ = {
			isa = XCBuildConfiguration;
			buildSettings = {
				ASSETCATALOG_COMPILER_APPICON_NAME = AppIcon;
				ASSETCATALOG_COMPILER_GLOBAL_ACCENT_COLOR_NAME = AccentColor;
				CODE_SIGN_STYLE = Automatic;
				CURRENT_PROJECT_VERSION = 1;
				DEVELOPMENT_ASSET_PATHS = "\"Word Scramble/Preview Content\"";
				ENABLE_PREVIEWS = YES;
				GENERATE_INFOPLIST_FILE = YES;
				INFOPLIST_KEY_UIApplicationSceneManifest_Generation = YES;
				INFOPLIST_KEY_UIApplicationSupportsIndirectInputEvents = YES;
				INFOPLIST_KEY_UILaunchScreen_Generation = YES;
				INFOPLIST_KEY_UISupportedInterfaceOrientations_iPad = "UIInterfaceOrientationPortrait UIInterfaceOrientationPortraitUpsideDown UIInterfaceOrientationLandscapeLeft UIInterfaceOrientationLandscapeRight";
				INFOPLIST_KEY_UISupportedInterfaceOrientations_iPhone = "UIInterfaceOrientationPortrait UIInterfaceOrientationLandscapeLeft UIInterfaceOrientationLandscapeRight";
				LD_RUNPATH_SEARCH_PATHS = (
					"$(inherited)",
					"@executable_path/Frameworks",
				);
				MARKETING_VERSION = 1.0;
				PRODUCT_BUNDLE_IDENTIFIER = "com.naveed.wordscramble.Word-Scramble";
				PRODUCT_NAME = "$(TARGET_NAME)";
				SWIFT_EMIT_LOC_STRINGS = YES;
				SWIFT_VERSION = 5.0;
				TARGETED_DEVICE_FAMILY = "1,2";
			};
			name = Debug;
		};
		1DC15EEF2C6FA76900627667 /* Release */ = {
			isa = XCBuildConfiguration;
			buildSettings = {
				ASSETCATALOG_COMPILER_APPICON_NAME = AppIcon;
				ASSETCATALOG_COMPILER_GLOBAL_ACCENT_COLOR_NAME = AccentColor;
				CODE_SIGN_STYLE = Automatic;
				CURRENT_PROJECT_VERSION = 1;
				DEVELOPMENT_ASSET_PATHS = "\"Word Scramble/Preview Content\"";
				ENABLE_PREVIEWS = YES;
				GENERATE_INFOPLIST_FILE = YES;
				INFOPLIST_KEY_UIApplicationSceneManifest_Generation = YES;
				INFOPLIST_KEY_UIApplicationSupportsIndirectInputEvents = YES;
				INFOPLIST_KEY_UILaunchScreen_Generation = YES;
				INFOPLIST_KEY_UISupportedInterfaceOrientations_iPad = "UIInterfaceOrientationPortrait UIInterfaceOrientationPortraitUpsideDown UIInterfaceOrientationLandscapeLeft UIInterfaceOrientationLandscapeRight";
				INFOPLIST_KEY_UISupportedInterfaceOrientations_iPhone = "UIInterfaceOrientationPortrait UIInterfaceOrientationLandscapeLeft UIInterfaceOrientationLandscapeRight";
				LD_RUNPATH_SEARCH_PATHS = (
					"$(inherited)",
					"@executable_path/Frameworks",
				);
				MARKETING_VERSION = 1.0;
				PRODUCT_BUNDLE_IDENTIFIER = "com.naveed.wordscramble.Word-Scramble";
				PRODUCT_NAME = "$(TARGET_NAME)";
				SWIFT_EMIT_LOC_STRINGS = YES;
				SWIFT_VERSION = 5.0;
				TARGETED_DEVICE_FAMILY = "1,2";
			};
			name = Release;
		};
		1DC15EF12C6FA76900627667 /* Debug */ = {
			isa = XCBuildConfiguration;
			buildSettings = {
				ALWAYS_EMBED_SWIFT_STANDARD_LIBRARIES = YES;
				BUNDLE_LOADER = "$(TEST_HOST)";
				CODE_SIGN_STYLE = Automatic;
				CURRENT_PROJECT_VERSION = 1;
				GENERATE_INFOPLIST_FILE = YES;
				IPHONEOS_DEPLOYMENT_TARGET = 17.0;
				MARKETING_VERSION = 1.0;
				PRODUCT_BUNDLE_IDENTIFIER = "com.naveed.wordscramble.Word-ScrambleTests";
				PRODUCT_NAME = "$(TARGET_NAME)";
				SWIFT_EMIT_LOC_STRINGS = NO;
				SWIFT_VERSION = 5.0;
				TARGETED_DEVICE_FAMILY = "1,2";
				TEST_HOST = "$(BUILT_PRODUCTS_DIR)/Word Scramble.app/$(BUNDLE_EXECUTABLE_FOLDER_PATH)/Word Scramble";
			};
			name = Debug;
		};
		1DC15EF22C6FA76900627667 /* Release */ = {
			isa = XCBuildConfiguration;
			buildSettings = {
				ALWAYS_EMBED_SWIFT_STANDARD_LIBRARIES = YES;
				BUNDLE_LOADER = "$(TEST_HOST)";
				CODE_SIGN_STYLE = Automatic;
				CURRENT_PROJECT_VERSION = 1;
				GENERATE_INFOPLIST_FILE = YES;
				IPHONEOS_DEPLOYMENT_TARGET = 17.0;
				MARKETING_VERSION = 1.0;
				PRODUCT_BUNDLE_IDENTIFIER = "com.naveed.wordscramble.Word-ScrambleTests";
				PRODUCT_NAME = "$(TARGET_NAME)";
				SWIFT_EMIT_LOC_STRINGS = NO;
				SWIFT_VERSION = 5.0;
				TARGETED_DEVICE_FAMILY = "1,2";
				TEST_HOST = "$(BUILT_PRODUCTS_DIR)/Word Scramble.app/$(BUNDLE_EXECUTABLE_FOLDER_PATH)/Word Scramble";
			};
			name = Release;
		};
		1DC15EF42C6FA76900627667 /* Debug */ = {
			isa = XCBuildConfiguration;
			buildSettings = {
				ALWAYS_EMBED_SWIFT_STANDARD_LIBRARIES = YES;
				CODE_SIGN_STYLE = Automatic;
				CURRENT_PROJECT_VERSION = 1;
				GENERATE_INFOPLIST_FILE = YES;
				MARKETING_VERSION = 1.0;
				PRODUCT_BUNDLE_IDENTIFIER = "com.naveed.wordscramble.Word-ScrambleUITests";
				PRODUCT_NAME = "$(TARGET_NAME)";
				SWIFT_EMIT_LOC_STRINGS = NO;
				SWIFT_VERSION = 5.0;
				TARGETED_DEVICE_FAMILY = "1,2";
				TEST_TARGET_NAME = "Word Scramble";
			};
			name = Debug;
		};
		1DC15EF52C6FA76900627667 /* Release */ = {
			isa = XCBuildConfiguration;
			buildSettings = {
				ALWAYS_EMBED_SWIFT_STANDARD_LIBRARIES = YES;
				CODE_SIGN_STYLE = Automatic;
				CURRENT_PROJECT_VERSION = 1;
				GENERATE_INFOPLIST_FILE = YES;
				MARKETING_VERSION = 1.0;
				PRODUCT_BUNDLE_IDENTIFIER = "com.naveed.wordscramble.Word-ScrambleUITests";
				PRODUCT_NAME = "$(TARGET_NAME)";
				SWIFT_EMIT_LOC_STRINGS = NO;
				SWIFT_VERSION = 5.0;
				TARGETED_DEVICE_FAMILY = "1,2";
				TEST_TARGET_NAME = "Word Scramble";
			};
			name = Release;
		};
/* End XCBuildConfiguration section */

/* Begin XCConfigurationList section */
		1DC15EC42C6FA76800627667 /* Build configuration list for PBXProject "Word Scramble" */ = {
			isa = XCConfigurationList;
			buildConfigurations = (
				1DC15EEB2C6FA76900627667 /* Debug */,
				1DC15EEC2C6FA76900627667 /* Release */,
			);
			defaultConfigurationIsVisible = 0;
			defaultConfigurationName = Release;
		};
		1DC15EED2C6FA76900627667 /* Build configuration list for PBXNativeTarget "Word Scramble" */ = {
			isa = XCConfigurationList;
			buildConfigurations = (
				1DC15EEE2C6FA76900627667 /* Debug */,
				1DC15EEF2C6FA76900627667 /* Release */,
			);
			defaultConfigurationIsVisible = 0;
			defaultConfigurationName = Release;
		};
		1DC15EF02C6FA76900627667 /* Build configuration list for PBXNativeTarget "Word ScrambleTests" */ = {
			isa = XCConfigurationList;
			buildConfigurations = (
				1DC15EF12C6FA76900627667 /* Debug */,
				1DC15EF22C6FA76900627667 /* Release */,
			);
			defaultConfigurationIsVisible = 0;
			defaultConfigurationName = Release;
		};
		1DC15EF32C6FA76900627667 /* Build configuration list for PBXNativeTarget "Word ScrambleUITests" */ = {
			isa = XCConfigurationList;
			buildConfigurations = (
				1DC15EF42C6FA76900627667 /* Debug */,
				1DC15EF52C6FA76900627667 /* Release */,
			);
			defaultConfigurationIsVisible = 0;
			defaultConfigurationName = Release;
		};
/* End XCConfigurationList section */
	};
	rootObject = 1DC15EC12C6FA76800627667 /* Project object */;
}
